
Microsoft Visual Studio Solution File, Format Version 12.00
# Visual Studio Version 16
VisualStudioVersion = 16.0.31515.178
MinimumVisualStudioVersion = 10.0.40219.1
Project("{FAE04EC0-301F-11D3-BF4B-00C04F79EFBC}") = "Ornek1", "Ornek1\Ornek1.csproj", "{F5302B72-35C0-42FF-825E-7882C2627CBC}"
EndProject
Project("{FAE04EC0-301F-11D3-BF4B-00C04F79EFBC}") = "Ornek2", "Ornek2\Ornek2.csproj", "{6F3D482A-848B-4EA7-A644-E56300FA224A}"
EndProject
Project("{FAE04EC0-301F-11D3-BF4B-00C04F79EFBC}") = "Ornek3", "Ornek3\Ornek3.csproj", "{C9B83885-22C5-4B9B-AA87-6F08A6EBEE39}"
EndProject
Global
	GlobalSection(SolutionConfigurationPlatforms) = preSolution
		Debug|Any CPU = Debug|Any CPU
		Release|Any CPU = Release|Any CPU
	EndGlobalSection
	GlobalSection(ProjectConfigurationPlatforms) = postSolution
		{F5302B72-35C0-42FF-825E-7882C2627CBC}.Debug|Any CPU.ActiveCfg = Debug|Any CPU
		{F5302B72-35C0-42FF-825E-7882C2627CBC}.Debug|Any CPU.Build.0 = Debug|Any CPU
		{F5302B72-35C0-42FF-825E-7882C2627CBC}.Release|Any CPU.ActiveCfg = Release|Any CPU
		{F5302B72-35C0-42FF-825E-7882C2627CBC}.Release|Any CPU.Build.0 = Release|Any CPU
		{6F3D482A-848B-4EA7-A644-E56300FA224A}.Debug|Any CPU.ActiveCfg = Debug|Any CPU
		{6F3D482A-848B-4EA7-A644-E56300FA224A}.Debug|Any CPU.Build.0 = Debug|Any CPU
		{6F3D482A-848B-4EA7-A644-E56300FA224A}.Release|Any CPU.ActiveCfg = Release|Any CPU
		{6F3D482A-848B-4EA7-A644-E56300FA224A}.Release|Any CPU.Build.0 = Release|Any CPU
		{C9B83885-22C5-4B9B-AA87-6F08A6EBEE39}.Debug|Any CPU.ActiveCfg = Debug|Any CPU
		{C9B83885-22C5-4B9B-AA87-6F08A6EBEE39}.Debug|Any CPU.Build.0 = Debug|Any CPU
		{C9B83885-22C5-4B9B-AA87-6F08A6EBEE39}.Release|Any CPU.ActiveCfg = Release|Any CPU
		{C9B83885-22C5-4B9B-AA87-6F08A6EBEE39}.Release|Any CPU.Build.0 = Release|Any CPU
	EndGlobalSection
	GlobalSection(SolutionProperties) = preSolution
		HideSolutionNode = FALSE
	EndGlobalSection
	GlobalSection(ExtensibilityGlobals) = postSolution
		SolutionGuid = {A3D865B2-9976-4F19-9B5A-AB0F230849FE}
	EndGlobalSection
EndGlobal
